
Microsoft Visual Studio Solution File, Format Version 12.00
# Visual Studio Version 16
VisualStudioVersion = 16.0.31410.357
MinimumVisualStudioVersion = 10.0.40219.1
Project("{9A19103F-16F7-4668-BE54-9A1E7A4F7556}") = "BranchsApi", "BranchsApi.csproj", "{B82D7E7A-D45F-4BE4-AEF3-7FD0B0ABCE5E}"
EndProject
Global
	GlobalSection(SolutionConfigurationPlatforms) = preSolution
		Debug|Any CPU = Debug|Any CPU
		Release|Any CPU = Release|Any CPU
	EndGlobalSection
	GlobalSection(ProjectConfigurationPlatforms) = postSolution
		{B82D7E7A-D45F-4BE4-AEF3-7FD0B0ABCE5E}.Debug|Any CPU.ActiveCfg = Debug|Any CPU
		{B82D7E7A-D45F-4BE4-AEF3-7FD0B0ABCE5E}.Debug|Any CPU.Build.0 = Debug|Any CPU
		{B82D7E7A-D45F-4BE4-AEF3-7FD0B0ABCE5E}.Release|Any CPU.ActiveCfg = Release|Any CPU
		{B82D7E7A-D45F-4BE4-AEF3-7FD0B0ABCE5E}.Release|Any CPU.Build.0 = Release|Any CPU
	EndGlobalSection
	GlobalSection(SolutionProperties) = preSolution
		HideSolutionNode = FALSE
	EndGlobalSection
	GlobalSection(ExtensibilityGlobals) = postSolution
		SolutionGuid = {C2261DA0-1807-4604-8F28-4AF4A0E48386}
	EndGlobalSection
EndGlobal
